
Microsoft Visual Studio Solution File, Format Version 12.00
# Visual Studio Version 17
VisualStudioVersion = 17.7.34018.315
MinimumVisualStudioVersion = 10.0.40219.1
Project("{FAE04EC0-301F-11D3-BF4B-00C04F79EFBC}") = "bibliotecaEF", "bibliotecaEF.csproj", "{DA312C65-C5F1-4B94-9793-D679A304E100}"
EndProject
Global
	GlobalSection(SolutionConfigurationPlatforms) = preSolution
		Debug|Any CPU = Debug|Any CPU
		Release|Any CPU = Release|Any CPU
	EndGlobalSection
	GlobalSection(ProjectConfigurationPlatforms) = postSolution
		{DA312C65-C5F1-4B94-9793-D679A304E100}.Debug|Any CPU.ActiveCfg = Debug|Any CPU
		{DA312C65-C5F1-4B94-9793-D679A304E100}.Debug|Any CPU.Build.0 = Debug|Any CPU
		{DA312C65-C5F1-4B94-9793-D679A304E100}.Release|Any CPU.ActiveCfg = Release|Any CPU
		{DA312C65-C5F1-4B94-9793-D679A304E100}.Release|Any CPU.Build.0 = Release|Any CPU
	EndGlobalSection
	GlobalSection(SolutionProperties) = preSolution
		HideSolutionNode = FALSE
	EndGlobalSection
	GlobalSection(ExtensibilityGlobals) = postSolution
		SolutionGuid = {F82E6901-AB24-4237-884E-126609DA361E}
	EndGlobalSection
EndGlobal
